
Microsoft Visual Studio Solution File, Format Version 12.00
# Visual Studio Version 17
VisualStudioVersion = 17.3.32929.385
MinimumVisualStudioVersion = 10.0.40219.1
Project("{FAE04EC0-301F-11D3-BF4B-00C04F79EFBC}") = "Bilet14", "Bilet14\Bilet14.csproj", "{6594682C-D91D-4022-805C-533A4DAA7944}"
EndProject
Global
	GlobalSection(SolutionConfigurationPlatforms) = preSolution
		Debug|Any CPU = Debug|Any CPU
		Release|Any CPU = Release|Any CPU
	EndGlobalSection
	GlobalSection(ProjectConfigurationPlatforms) = postSolution
		{6594682C-D91D-4022-805C-533A4DAA7944}.Debug|Any CPU.ActiveCfg = Debug|Any CPU
		{6594682C-D91D-4022-805C-533A4DAA7944}.Debug|Any CPU.Build.0 = Debug|Any CPU
		{6594682C-D91D-4022-805C-533A4DAA7944}.Release|Any CPU.ActiveCfg = Release|Any CPU
		{6594682C-D91D-4022-805C-533A4DAA7944}.Release|Any CPU.Build.0 = Release|Any CPU
	EndGlobalSection
	GlobalSection(SolutionProperties) = preSolution
		HideSolutionNode = FALSE
	EndGlobalSection
	GlobalSection(ExtensibilityGlobals) = postSolution
		SolutionGuid = {D685B66E-39DC-4075-BFDF-4794C9CDD066}
	EndGlobalSection
EndGlobal
